{
  "name": "tandemtravel",
  "lockfileVersion": 3,
  "requires": true,
  "packages": {
    "": {
      "dependencies": {
        "@fullcalendar/core": "^6.1.14",
        "@fullcalendar/daygrid": "^6.1.14",
        "@fullcalendar/interaction": "^6.1.14"
      }
    },
    "node_modules/@fullcalendar/core": {
      "version": "6.1.14",
      "resolved": "https://registry.npmjs.org/@fullcalendar/core/-/core-6.1.14.tgz",
      "integrity": "sha512-hIPRBevm0aMc2aHy1hRIJgXmI1QTvQM1neQa9oxtuqUmF1+ApYC3oAdwcQMTuI7lHHw3pKJDyJFkKLPPnL6HXA==",
      "license": "MIT",
      "dependencies": {
        "preact": "~10.12.1"
      }
    },
    "node_modules/@fullcalendar/daygrid": {
      "version": "6.1.14",
      "resolved": "https://registry.npmjs.org/@fullcalendar/daygrid/-/daygrid-6.1.14.tgz",
      "integrity": "sha512-DSyjiA1dEM8k3bOCrZpZOmAOZu71KGtH02ze+4QKuhxkmn/zQghmmLRdfzpOrcyJg6xGKkoB4pBcO+2lXar8XQ==",
      "license": "MIT",
      "peerDependencies": {
        "@fullcalendar/core": "~6.1.14"
      }
    },
    "node_modules/@fullcalendar/interaction": {
      "version": "6.1.14",
      "resolved": "https://registry.npmjs.org/@fullcalendar/interaction/-/interaction-6.1.14.tgz",
      "integrity": "sha512-rXum5XCjq+WEPNctFeYL/JKZGeU2rlxrElygocdMegcrIBJQW5hnWWVE+i4/1dOmUKF80CbGVlXUyYXoqK2eFg==",
      "license": "MIT",
      "peerDependencies": {
        "@fullcalendar/core": "~6.1.14"
      }
    },
    "node_modules/preact": {
      "version": "10.12.1",
      "resolved": "https://registry.npmjs.org/preact/-/preact-10.12.1.tgz",
      "integrity": "sha512-l8386ixSsBdbreOAkqtrwqHwdvR35ID8c3rKPa8lCWuO86dBi32QWHV4vfsZK1utLLFMvw+Z5Ad4XLkZzchscg==",
      "license": "MIT",
      "funding": {
        "type": "opencollective",
        "url": "https://opencollective.com/preact"
      }
    }
  }
}
